{
  "lockfileVersion": 1,
  "workspaces": {
    "": {
      "name": "purescript-yoga-scylladb",
      "dependencies": {
        "cassandra-driver": "^4.8.0",
      },
    },
  },
  "packages": {
    "@types/node": ["@types/node@18.19.130", "", { "dependencies": { "undici-types": "~5.26.4" } }, "sha512-GRaXQx6jGfL8sKfaIDD6OupbIHBr9jv7Jnaml9tB7l4v068PAOXqfcujMMo5PhbIs6ggR1XODELqahT2R8v0fg=="],

    "adm-zip": ["adm-zip@0.5.16", "", {}, "sha512-TGw5yVi4saajsSEgz25grObGHEUaDrniwvA2qwSC060KfqGPdglhvPMA2lPIoxs3PQIItj2iag35fONcQqgUaQ=="],

    "cassandra-driver": ["cassandra-driver@4.8.0", "", { "dependencies": { "@types/node": "^18.11.18", "adm-zip": "~0.5.10", "long": "~5.2.3" } }, "sha512-HritfMGq9V7SuESeSodHvArs0mLuMk7uh+7hQK2lqdvXrvm50aWxb4RPxkK3mPDdsgHjJ427xNRFITMH2ei+Sw=="],

    "long": ["long@5.2.5", "", {}, "sha512-e0r9YBBgNCq1D1o5Dp8FMH0N5hsFtXDBiVa0qoJPHpakvZkmDKPRoGffZJII/XsHvj9An9blm+cRJ01yQqU+Dw=="],

    "undici-types": ["undici-types@5.26.5", "", {}, "sha512-JlCMO+ehdEIKqlFxk6IfVoAUVmgz7cU7zD/h9XZ0qzeosSHmUJVOzSQvvYSYWXkFXC+IfLKSIffhv0sVZup6pA=="],
  }
}
